// !$*UTF8*$!
{
	archiveVersion = 1;
	classes = {
	};
	objectVersion = 70;
	objects = {

/* Begin PBXBuildFile section */
		2429CDAC2E9BD0700031369E /* Localizable.xcstrings in Resources */ = {isa = PBXBuildFile; fileRef = 2429CDAB2E9BD0700031369E /* Localizable.xcstrings */; };
		242AEF702E9C185B003F0A8A /* InfoPlist.xcstrings in Resources */ = {isa = PBXBuildFile; fileRef = 242AEF6F2E9C185B003F0A8A /* InfoPlist.xcstrings */; };
		244E74B02E70C44E00B78709 /* SignatureManager.swift in Sources */ = {isa = PBXBuildFile; fileRef = 244E748D2E70C44E00B78709 /* SignatureManager.swift */; };
		244E751F2E70C65B00B78709 /* AIGradientTextWidget.swift in Sources */ = {isa = PBXBuildFile; fileRef = 244E750F2E70C65B00B78709 /* AIGradientTextWidget.swift */; };
		244E75202E70C65B00B78709 /* AnimatedAppIcon.swift in Sources */ = {isa = PBXBuildFile; fileRef = 244E75102E70C65B00B78709 /* AnimatedAppIcon.swift */; };
		244E75212E70C65B00B78709 /* NotificationProcessView.swift in Sources */ = {isa = PBXBuildFile; fileRef = 244E75122E70C65B00B78709 /* NotificationProcessView.swift */; };
		244E75232E70C65B00B78709 /* SignatureEditorView.swift in Sources */ = {isa = PBXBuildFile; fileRef = 244E75152E70C65B00B78709 /* SignatureEditorView.swift */; };
		244E75242E70C65B00B78709 /* ContentView.swift in Sources */ = {isa = PBXBuildFile; fileRef = 244E75162E70C65B00B78709 /* ContentView.swift */; };
		244E75252E70C65B00B78709 /* HelloView.swift in Sources */ = {isa = PBXBuildFile; fileRef = 244E75172E70C65B00B78709 /* HelloView.swift */; };
		244E75262E70C65B00B78709 /* LegalDetailView.swift in Sources */ = {isa = PBXBuildFile; fileRef = 244E75182E70C65B00B78709 /* LegalDetailView.swift */; };
		244E75272E70C65B00B78709 /* LegalView.swift in Sources */ = {isa = PBXBuildFile; fileRef = 244E75192E70C65B00B78709 /* LegalView.swift */; };
		244E75282E70C65B00B78709 /* LogView.swift in Sources */ = {isa = PBXBuildFile; fileRef = 244E751A2E70C65B00B78709 /* LogView.swift */; };
		244E752B2E70C65B00B78709 /* SignaturesView.swift in Sources */ = {isa = PBXBuildFile; fileRef = 244E751D2E70C65B00B78709 /* SignaturesView.swift */; };
		244E75352E70C65F00B78709 /* DockWatchService.swift in Sources */ = {isa = PBXBuildFile; fileRef = 244E752D2E70C65F00B78709 /* DockWatchService.swift */; };
		244E75372E70C65F00B78709 /* GraphService.swift in Sources */ = {isa = PBXBuildFile; fileRef = 244E752F2E70C65F00B78709 /* GraphService.swift */; };
		244E75412E70C66300B78709 /* PrivacyPolicy.txt in Resources */ = {isa = PBXBuildFile; fileRef = 244E753B2E70C66300B78709 /* PrivacyPolicy.txt */; };
		244E75422E70C66300B78709 /* TermsOfUse.txt in Resources */ = {isa = PBXBuildFile; fileRef = 244E753C2E70C66300B78709 /* TermsOfUse.txt */; };
		244E75432E70C66300B78709 /* AppIcon.icon in Resources */ = {isa = PBXBuildFile; fileRef = 244E753E2E70C66300B78709 /* AppIcon.icon */; };
		244E75442E70C66300B78709 /* Assets.xcassets in Resources */ = {isa = PBXBuildFile; fileRef = 244E753F2E70C66300B78709 /* Assets.xcassets */; };
		244E75492E70C66600B78709 /* MenuBarController.swift in Sources */ = {isa = PBXBuildFile; fileRef = 244E75452E70C66600B78709 /* MenuBarController.swift */; };
		244E754A2E70C66600B78709 /* MenuBarLiveActivity.swift in Sources */ = {isa = PBXBuildFile; fileRef = 244E75462E70C66600B78709 /* MenuBarLiveActivity.swift */; };
		244E754B2E70C66600B78709 /* MenuBarStatus.swift in Sources */ = {isa = PBXBuildFile; fileRef = 244E75472E70C66600B78709 /* MenuBarStatus.swift */; };
		244EAB382C8DDDED0058BBCB /* Sparkle in Frameworks */ = {isa = PBXBuildFile; productRef = 244EAB372C8DDDED0058BBCB /* Sparkle */; };
		24609A222F37E930009957DF /* AboutView.swift in Sources */ = {isa = PBXBuildFile; fileRef = 24609A212F37E930009957DF /* AboutView.swift */; };
		24637F6E2F38CE7000ED68D9 /* RichHTMLTextEditor.swift in Sources */ = {isa = PBXBuildFile; fileRef = 24637F6D2F38CE6500ED68D9 /* RichHTMLTextEditor.swift */; };
		24637F722F38E30700ED68D9 /* SwiftUIView.swift in Sources */ = {isa = PBXBuildFile; fileRef = 24637F712F38E30700ED68D9 /* SwiftUIView.swift */; };
		24CCDC212E78CF0700B13B61 /* Notifications.swift in Sources */ = {isa = PBXBuildFile; fileRef = 24CCDC202E78CF0700B13B61 /* Notifications.swift */; };
/* End PBXBuildFile section */

/* Begin PBXContainerItemProxy section */
		2420291F2E66633C0042B8F0 /* PBXContainerItemProxy */ = {
			isa = PBXContainerItemProxy;
			containerPortal = 244EAB0F2C8DB4950058BBCB /* Project object */;
			proxyType = 1;
			remoteGlobalIDString = 242028F32E6662970042B8F0;
			remoteInfo = "Signature Manager LoginItem";
		};
		242029212E66634F0042B8F0 /* PBXContainerItemProxy */ = {
			isa = PBXContainerItemProxy;
			containerPortal = 244EAB0F2C8DB4950058BBCB /* Project object */;
			proxyType = 1;
			remoteGlobalIDString = 242028F32E6662970042B8F0;
			remoteInfo = "Signature Manager LoginItem";
		};
		242029252E66647D0042B8F0 /* PBXContainerItemProxy */ = {
			isa = PBXContainerItemProxy;
			containerPortal = 244EAB0F2C8DB4950058BBCB /* Project object */;
			proxyType = 1;
			remoteGlobalIDString = 242028F32E6662970042B8F0;
			remoteInfo = "Signature Manager LoginItem";
		};
/* End PBXContainerItemProxy section */

/* Begin PBXCopyFilesBuildPhase section */
		2488BF9C2C90318500BB6788 /* CopyFiles */ = {
			isa = PBXCopyFilesBuildPhase;
			buildActionMask = 2147483647;
			dstPath = Helper;
			dstSubfolderSpec = 7;
			files = (
			);
			runOnlyForDeploymentPostprocessing = 0;
		};
/* End PBXCopyFilesBuildPhase section */

/* Begin PBXFileReference section */
		2429CDAB2E9BD0700031369E /* Localizable.xcstrings */ = {isa = PBXFileReference; lastKnownFileType = text.json.xcstrings; path = Localizable.xcstrings; sourceTree = "<group>"; };
		242AEF6F2E9C185B003F0A8A /* InfoPlist.xcstrings */ = {isa = PBXFileReference; lastKnownFileType = text.json.xcstrings; path = InfoPlist.xcstrings; sourceTree = "<group>"; };
		244E748D2E70C44E00B78709 /* SignatureManager.swift */ = {isa = PBXFileReference; lastKnownFileType = sourcecode.swift; path = SignatureManager.swift; sourceTree = "<group>"; };
		244E750F2E70C65B00B78709 /* AIGradientTextWidget.swift */ = {isa = PBXFileReference; lastKnownFileType = sourcecode.swift; path = AIGradientTextWidget.swift; sourceTree = "<group>"; };
		244E75102E70C65B00B78709 /* AnimatedAppIcon.swift */ = {isa = PBXFileReference; lastKnownFileType = sourcecode.swift; path = AnimatedAppIcon.swift; sourceTree = "<group>"; };
		244E75122E70C65B00B78709 /* NotificationProcessView.swift */ = {isa = PBXFileReference; lastKnownFileType = sourcecode.swift; path = NotificationProcessView.swift; sourceTree = "<group>"; };
		244E75152E70C65B00B78709 /* SignatureEditorView.swift */ = {isa = PBXFileReference; lastKnownFileType = sourcecode.swift; path = SignatureEditorView.swift; sourceTree = "<group>"; };
		244E75162E70C65B00B78709 /* ContentView.swift */ = {isa = PBXFileReference; lastKnownFileType = sourcecode.swift; path = ContentView.swift; sourceTree = "<group>"; };
		244E75172E70C65B00B78709 /* HelloView.swift */ = {isa = PBXFileReference; lastKnownFileType = sourcecode.swift; path = HelloView.swift; sourceTree = "<group>"; };
		244E75182E70C65B00B78709 /* LegalDetailView.swift */ = {isa = PBXFileReference; lastKnownFileType = sourcecode.swift; path = LegalDetailView.swift; sourceTree = "<group>"; };
		244E75192E70C65B00B78709 /* LegalView.swift */ = {isa = PBXFileReference; lastKnownFileType = sourcecode.swift; path = LegalView.swift; sourceTree = "<group>"; };
		244E751A2E70C65B00B78709 /* LogView.swift */ = {isa = PBXFileReference; lastKnownFileType = sourcecode.swift; path = LogView.swift; sourceTree = "<group>"; };
		244E751D2E70C65B00B78709 /* SignaturesView.swift */ = {isa = PBXFileReference; lastKnownFileType = sourcecode.swift; path = SignaturesView.swift; sourceTree = "<group>"; };
		244E752D2E70C65F00B78709 /* DockWatchService.swift */ = {isa = PBXFileReference; lastKnownFileType = sourcecode.swift; path = DockWatchService.swift; sourceTree = "<group>"; };
		244E752F2E70C65F00B78709 /* GraphService.swift */ = {isa = PBXFileReference; lastKnownFileType = sourcecode.swift; path = GraphService.swift; sourceTree = "<group>"; };
		244E753B2E70C66300B78709 /* PrivacyPolicy.txt */ = {isa = PBXFileReference; lastKnownFileType = text; path = PrivacyPolicy.txt; sourceTree = "<group>"; };
		244E753C2E70C66300B78709 /* TermsOfUse.txt */ = {isa = PBXFileReference; lastKnownFileType = text; path = TermsOfUse.txt; sourceTree = "<group>"; };
		244E753E2E70C66300B78709 /* AppIcon.icon */ = {isa = PBXFileReference; lastKnownFileType = folder.iconcomposer.icon; path = AppIcon.icon; sourceTree = "<group>"; };
		244E753F2E70C66300B78709 /* Assets.xcassets */ = {isa = PBXFileReference; lastKnownFileType = folder.assetcatalog; path = Assets.xcassets; sourceTree = "<group>"; };
		244E75452E70C66600B78709 /* MenuBarController.swift */ = {isa = PBXFileReference; lastKnownFileType = sourcecode.swift; path = MenuBarController.swift; sourceTree = "<group>"; };
		244E75462E70C66600B78709 /* MenuBarLiveActivity.swift */ = {isa = PBXFileReference; lastKnownFileType = sourcecode.swift; path = MenuBarLiveActivity.swift; sourceTree = "<group>"; };
		244E75472E70C66600B78709 /* MenuBarStatus.swift */ = {isa = PBXFileReference; lastKnownFileType = sourcecode.swift; path = MenuBarStatus.swift; sourceTree = "<group>"; };
		244EAB172C8DB4950058BBCB /* Signature Manager.app */ = {isa = PBXFileReference; explicitFileType = wrapper.application; includeInIndex = 0; path = "Signature Manager.app"; sourceTree = BUILT_PRODUCTS_DIR; };
		244EAB392C8DDE6B0058BBCB /* Signature-Manager-Info.plist */ = {isa = PBXFileReference; lastKnownFileType = text.plist.xml; path = "Signature-Manager-Info.plist"; sourceTree = SOURCE_ROOT; };
		24609A212F37E930009957DF /* AboutView.swift */ = {isa = PBXFileReference; lastKnownFileType = sourcecode.swift; path = AboutView.swift; sourceTree = "<group>"; };
		24637F6D2F38CE6500ED68D9 /* RichHTMLTextEditor.swift */ = {isa = PBXFileReference; lastKnownFileType = sourcecode.swift; path = RichHTMLTextEditor.swift; sourceTree = "<group>"; };
		24637F712F38E30700ED68D9 /* SwiftUIView.swift */ = {isa = PBXFileReference; lastKnownFileType = sourcecode.swift; path = SwiftUIView.swift; sourceTree = "<group>"; };
		24CCDC202E78CF0700B13B61 /* Notifications.swift */ = {isa = PBXFileReference; lastKnownFileType = sourcecode.swift; path = Notifications.swift; sourceTree = "<group>"; };
/* End PBXFileReference section */

/* Begin PBXFileSystemSynchronizedRootGroup section */
		243EEB7F2F2D9598001DCE67 /* Model */ = {isa = PBXFileSystemSynchronizedRootGroup; explicitFileTypes = {}; explicitFolders = (); path = Model; sourceTree = "<group>"; };
		24609A142F37CA43009957DF /* Manager */ = {isa = PBXFileSystemSynchronizedRootGroup; explicitFileTypes = {}; explicitFolders = (); path = Manager; sourceTree = "<group>"; };
		24609A1D2F37D1B9009957DF /* Settings */ = {isa = PBXFileSystemSynchronizedRootGroup; explicitFileTypes = {}; explicitFolders = (); path = Settings; sourceTree = "<group>"; };
		24609A202F37E39A009957DF /* Sheets */ = {isa = PBXFileSystemSynchronizedRootGroup; explicitFileTypes = {}; explicitFolders = (); path = Sheets; sourceTree = "<group>"; };
/* End PBXFileSystemSynchronizedRootGroup section */

/* Begin PBXFrameworksBuildPhase section */
		244EAB142C8DB4950058BBCB /* Frameworks */ = {
			isa = PBXFrameworksBuildPhase;
			buildActionMask = 2147483647;
			files = (
				244EAB382C8DDDED0058BBCB /* Sparkle in Frameworks */,
			);
			runOnlyForDeploymentPostprocessing = 0;
		};
/* End PBXFrameworksBuildPhase section */

/* Begin PBXGroup section */
		24030A1E2E7A2E0300CF52A1 /* Hello */ = {
			isa = PBXGroup;
			children = (
				244E75172E70C65B00B78709 /* HelloView.swift */,
			);
			path = Hello;
			sourceTree = "<group>";
		};
		244E75072E70C4E000B78709 /* App */ = {
			isa = PBXGroup;
			children = (
				2429CDAB2E9BD0700031369E /* Localizable.xcstrings */,
				244EAB392C8DDE6B0058BBCB /* Signature-Manager-Info.plist */,
				244E748D2E70C44E00B78709 /* SignatureManager.swift */,
				242AEF6F2E9C185B003F0A8A /* InfoPlist.xcstrings */,
			);
			path = App;
			sourceTree = "<group>";
		};
		244E75112E70C65B00B78709 /* Components */ = {
			isa = PBXGroup;
			children = (
				24637F6D2F38CE6500ED68D9 /* RichHTMLTextEditor.swift */,
				244E750F2E70C65B00B78709 /* AIGradientTextWidget.swift */,
				244E75102E70C65B00B78709 /* AnimatedAppIcon.swift */,
			);
			path = Components;
			sourceTree = "<group>";
		};
		244E75132E70C65B00B78709 /* Notiifcations (Legacy) */ = {
			isa = PBXGroup;
			children = (
				244E75122E70C65B00B78709 /* NotificationProcessView.swift */,
			);
			path = "Notiifcations (Legacy)";
			sourceTree = "<group>";
		};
		244E751E2E70C65B00B78709 /* Views */ = {
			isa = PBXGroup;
			children = (
				24609A202F37E39A009957DF /* Sheets */,
				24609A1D2F37D1B9009957DF /* Settings */,
				24030A1E2E7A2E0300CF52A1 /* Hello */,
				24CCDC1F2E78BC1100B13B61 /* Signatures */,
				24CCDC1E2E78BBFF00B13B61 /* Legal */,
				244E75132E70C65B00B78709 /* Notiifcations (Legacy) */,
				24609A212F37E930009957DF /* AboutView.swift */,
				244E75162E70C65B00B78709 /* ContentView.swift */,
				244E751A2E70C65B00B78709 /* LogView.swift */,
			);
			path = Views;
			sourceTree = "<group>";
		};
		244E75332E70C65F00B78709 /* Service */ = {
			isa = PBXGroup;
			children = (
				244E752D2E70C65F00B78709 /* DockWatchService.swift */,
				244E752F2E70C65F00B78709 /* GraphService.swift */,
			);
			path = Service;
			sourceTree = "<group>";
		};
		244E753D2E70C66300B78709 /* Legal */ = {
			isa = PBXGroup;
			children = (
				244E753B2E70C66300B78709 /* PrivacyPolicy.txt */,
				244E753C2E70C66300B78709 /* TermsOfUse.txt */,
			);
			path = Legal;
			sourceTree = "<group>";
		};
		244E75402E70C66300B78709 /* Resources */ = {
			isa = PBXGroup;
			children = (
				244E753D2E70C66300B78709 /* Legal */,
				244E753E2E70C66300B78709 /* AppIcon.icon */,
				244E753F2E70C66300B78709 /* Assets.xcassets */,
			);
			path = Resources;
			sourceTree = "<group>";
		};
		244E75482E70C66600B78709 /* MenuBar */ = {
			isa = PBXGroup;
			children = (
				244E75452E70C66600B78709 /* MenuBarController.swift */,
				244E75462E70C66600B78709 /* MenuBarLiveActivity.swift */,
				244E75472E70C66600B78709 /* MenuBarStatus.swift */,
				24CCDC202E78CF0700B13B61 /* Notifications.swift */,
			);
			path = MenuBar;
			sourceTree = "<group>";
		};
		244EAB0E2C8DB4950058BBCB = {
			isa = PBXGroup;
			children = (
				244EAB192C8DB4950058BBCB /* Signature Manager */,
				244EAB182C8DB4950058BBCB /* Products */,
			);
			sourceTree = "<group>";
		};
		244EAB182C8DB4950058BBCB /* Products */ = {
			isa = PBXGroup;
			children = (
				244EAB172C8DB4950058BBCB /* Signature Manager.app */,
			);
			name = Products;
			sourceTree = "<group>";
		};
		244EAB192C8DB4950058BBCB /* Signature Manager */ = {
			isa = PBXGroup;
			children = (
				243EEB7F2F2D9598001DCE67 /* Model */,
				244E75072E70C4E000B78709 /* App */,
				244E75482E70C66600B78709 /* MenuBar */,
				244E75402E70C66300B78709 /* Resources */,
				24609A142F37CA43009957DF /* Manager */,
				244E75332E70C65F00B78709 /* Service */,
				244E75112E70C65B00B78709 /* Components */,
				244E751E2E70C65B00B78709 /* Views */,
			);
			path = "Signature Manager";
			sourceTree = "<group>";
		};
		24CCDC1E2E78BBFF00B13B61 /* Legal */ = {
			isa = PBXGroup;
			children = (
				244E75182E70C65B00B78709 /* LegalDetailView.swift */,
				244E75192E70C65B00B78709 /* LegalView.swift */,
			);
			path = Legal;
			sourceTree = "<group>";
		};
		24CCDC1F2E78BC1100B13B61 /* Signatures */ = {
			isa = PBXGroup;
			children = (
				244E75152E70C65B00B78709 /* SignatureEditorView.swift */,
				244E751D2E70C65B00B78709 /* SignaturesView.swift */,
				24637F712F38E30700ED68D9 /* SwiftUIView.swift */,
			);
			path = Signatures;
			sourceTree = "<group>";
		};
/* End PBXGroup section */

/* Begin PBXNativeTarget section */
		244EAB162C8DB4950058BBCB /* Signature Manager */ = {
			isa = PBXNativeTarget;
			buildConfigurationList = 244EAB262C8DB4990058BBCB /* Build configuration list for PBXNativeTarget "Signature Manager" */;
			buildPhases = (
				244EAB132C8DB4950058BBCB /* Sources */,
				244EAB142C8DB4950058BBCB /* Frameworks */,
				2488BF932C90315600BB6788 /* Resources */,
				2488BF9C2C90318500BB6788 /* CopyFiles */,
			);
			buildRules = (
			);
			dependencies = (
				242029202E66633C0042B8F0 /* PBXTargetDependency */,
				242029222E66634F0042B8F0 /* PBXTargetDependency */,
				242029262E66647D0042B8F0 /* PBXTargetDependency */,
			);
			fileSystemSynchronizedGroups = (
				243EEB7F2F2D9598001DCE67 /* Model */,
				24609A142F37CA43009957DF /* Manager */,
				24609A1D2F37D1B9009957DF /* Settings */,
				24609A202F37E39A009957DF /* Sheets */,
			);
			name = "Signature Manager";
			packageProductDependencies = (
				244EAB372C8DDDED0058BBCB /* Sparkle */,
			);
			productName = "Signature Manager 2";
			productReference = 244EAB172C8DB4950058BBCB /* Signature Manager.app */;
			productType = "com.apple.product-type.application";
		};
/* End PBXNativeTarget section */

/* Begin PBXProject section */
		244EAB0F2C8DB4950058BBCB /* Project object */ = {
			isa = PBXProject;
			attributes = {
				BuildIndependentTargetsInParallel = 1;
				LastSwiftUpdateCheck = 2600;
				LastUpgradeCheck = 2620;
				TargetAttributes = {
					244EAB162C8DB4950058BBCB = {
						CreatedOnToolsVersion = 15.4;
					};
				};
			};
			buildConfigurationList = 244EAB122C8DB4950058BBCB /* Build configuration list for PBXProject "Signature Manager" */;
			compatibilityVersion = "Xcode 14.0";
			developmentRegion = en;
			hasScannedForEncodings = 0;
			knownRegions = (
				de,
				Base,
				en,
			);
			mainGroup = 244EAB0E2C8DB4950058BBCB;
			packageReferences = (
				244EAB362C8DDDED0058BBCB /* XCRemoteSwiftPackageReference "Sparkle" */,
			);
			productRefGroup = 244EAB182C8DB4950058BBCB /* Products */;
			projectDirPath = "";
			projectRoot = "";
			targets = (
				244EAB162C8DB4950058BBCB /* Signature Manager */,
			);
		};
/* End PBXProject section */

/* Begin PBXResourcesBuildPhase section */
		2488BF932C90315600BB6788 /* Resources */ = {
			isa = PBXResourcesBuildPhase;
			buildActionMask = 2147483647;
			files = (
				242AEF702E9C185B003F0A8A /* InfoPlist.xcstrings in Resources */,
				244E75412E70C66300B78709 /* PrivacyPolicy.txt in Resources */,
				2429CDAC2E9BD0700031369E /* Localizable.xcstrings in Resources */,
				244E75422E70C66300B78709 /* TermsOfUse.txt in Resources */,
				244E75432E70C66300B78709 /* AppIcon.icon in Resources */,
				244E75442E70C66300B78709 /* Assets.xcassets in Resources */,
			);
			runOnlyForDeploymentPostprocessing = 0;
		};
/* End PBXResourcesBuildPhase section */

/* Begin PBXSourcesBuildPhase section */
		244EAB132C8DB4950058BBCB /* Sources */ = {
			isa = PBXSourcesBuildPhase;
			buildActionMask = 2147483647;
			files = (
				24609A222F37E930009957DF /* AboutView.swift in Sources */,
				24CCDC212E78CF0700B13B61 /* Notifications.swift in Sources */,
				244E75492E70C66600B78709 /* MenuBarController.swift in Sources */,
				244E754A2E70C66600B78709 /* MenuBarLiveActivity.swift in Sources */,
				244E754B2E70C66600B78709 /* MenuBarStatus.swift in Sources */,
				244E751F2E70C65B00B78709 /* AIGradientTextWidget.swift in Sources */,
				244E75202E70C65B00B78709 /* AnimatedAppIcon.swift in Sources */,
				244E75212E70C65B00B78709 /* NotificationProcessView.swift in Sources */,
				24637F722F38E30700ED68D9 /* SwiftUIView.swift in Sources */,
				244E75232E70C65B00B78709 /* SignatureEditorView.swift in Sources */,
				244E75242E70C65B00B78709 /* ContentView.swift in Sources */,
				244E75252E70C65B00B78709 /* HelloView.swift in Sources */,
				244E75262E70C65B00B78709 /* LegalDetailView.swift in Sources */,
				244E75272E70C65B00B78709 /* LegalView.swift in Sources */,
				244E75282E70C65B00B78709 /* LogView.swift in Sources */,
				244E752B2E70C65B00B78709 /* SignaturesView.swift in Sources */,
				244E75352E70C65F00B78709 /* DockWatchService.swift in Sources */,
				244E75372E70C65F00B78709 /* GraphService.swift in Sources */,
				24637F6E2F38CE7000ED68D9 /* RichHTMLTextEditor.swift in Sources */,
				244E74B02E70C44E00B78709 /* SignatureManager.swift in Sources */,
			);
			runOnlyForDeploymentPostprocessing = 0;
		};
/* End PBXSourcesBuildPhase section */

/* Begin PBXTargetDependency section */
		242029202E66633C0042B8F0 /* PBXTargetDependency */ = {
			isa = PBXTargetDependency;
			targetProxy = 2420291F2E66633C0042B8F0 /* PBXContainerItemProxy */;
		};
		242029222E66634F0042B8F0 /* PBXTargetDependency */ = {
			isa = PBXTargetDependency;
			targetProxy = 242029212E66634F0042B8F0 /* PBXContainerItemProxy */;
		};
		242029262E66647D0042B8F0 /* PBXTargetDependency */ = {
			isa = PBXTargetDependency;
			targetProxy = 242029252E66647D0042B8F0 /* PBXContainerItemProxy */;
		};
/* End PBXTargetDependency section */

/* Begin XCBuildConfiguration section */
		244EAB242C8DB4990058BBCB /* Debug */ = {
			isa = XCBuildConfiguration;
			buildSettings = {
				ALWAYS_SEARCH_USER_PATHS = NO;
				ASSETCATALOG_COMPILER_GENERATE_SWIFT_ASSET_SYMBOL_EXTENSIONS = YES;
				CLANG_ANALYZER_LOCALIZABILITY_NONLOCALIZED = YES;
				CLANG_ANALYZER_NONNULL = YES;
				CLANG_ANALYZER_NUMBER_OBJECT_CONVERSION = YES_AGGRESSIVE;
				CLANG_CXX_LANGUAGE_STANDARD = "gnu++20";
				CLANG_ENABLE_MODULES = YES;
				CLANG_ENABLE_OBJC_ARC = YES;
				CLANG_ENABLE_OBJC_WEAK = YES;
				CLANG_WARN_BLOCK_CAPTURE_AUTORELEASING = YES;
				CLANG_WARN_BOOL_CONVERSION = YES;
				CLANG_WARN_COMMA = YES;
				CLANG_WARN_CONSTANT_CONVERSION = YES;
				CLANG_WARN_DEPRECATED_OBJC_IMPLEMENTATIONS = YES;
				CLANG_WARN_DIRECT_OBJC_ISA_USAGE = YES_ERROR;
				CLANG_WARN_DOCUMENTATION_COMMENTS = YES;
				CLANG_WARN_EMPTY_BODY = YES;
				CLANG_WARN_ENUM_CONVERSION = YES;
				CLANG_WARN_INFINITE_RECURSION = YES;
				CLANG_WARN_INT_CONVERSION = YES;
				CLANG_WARN_NON_LITERAL_NULL_CONVERSION = YES;
				CLANG_WARN_OBJC_IMPLICIT_RETAIN_SELF = YES;
				CLANG_WARN_OBJC_LITERAL_CONVERSION = YES;
				CLANG_WARN_OBJC_ROOT_CLASS = YES_ERROR;
				CLANG_WARN_QUOTED_INCLUDE_IN_FRAMEWORK_HEADER = YES;
				CLANG_WARN_RANGE_LOOP_ANALYSIS = YES;
				CLANG_WARN_STRICT_PROTOTYPES = YES;
				CLANG_WARN_SUSPICIOUS_MOVE = YES;
				CLANG_WARN_UNGUARDED_AVAILABILITY = YES_AGGRESSIVE;
				CLANG_WARN_UNREACHABLE_CODE = YES;
				CLANG_WARN__DUPLICATE_METHOD_MATCH = YES;
				COPY_PHASE_STRIP = NO;
				DEAD_CODE_STRIPPING = YES;
				DEBUG_INFORMATION_FORMAT = dwarf;
				DEVELOPMENT_TEAM = 8S2RY9PW6P;
				ENABLE_STRICT_OBJC_MSGSEND = YES;
				ENABLE_TESTABILITY = YES;
				ENABLE_USER_SCRIPT_SANDBOXING = YES;
				GCC_C_LANGUAGE_STANDARD = gnu17;
				GCC_DYNAMIC_NO_PIC = NO;
				GCC_NO_COMMON_BLOCKS = YES;
				GCC_OPTIMIZATION_LEVEL = 0;
				GCC_PREPROCESSOR_DEFINITIONS = (
					"DEBUG=1",
					"$(inherited)",
				);
				GCC_WARN_64_TO_32_BIT_CONVERSION = YES;
				GCC_WARN_ABOUT_RETURN_TYPE = YES_ERROR;
				GCC_WARN_UNDECLARED_SELECTOR = YES;
				GCC_WARN_UNINITIALIZED_AUTOS = YES_AGGRESSIVE;
				GCC_WARN_UNUSED_FUNCTION = YES;
				GCC_WARN_UNUSED_VARIABLE = YES;
				LOCALIZATION_PREFERS_STRING_CATALOGS = YES;
				MACOSX_DEPLOYMENT_TARGET = 14.5;
				MTL_ENABLE_DEBUG_INFO = INCLUDE_SOURCE;
				MTL_FAST_MATH = YES;
				ONLY_ACTIVE_ARCH = YES;
				SDKROOT = macosx;
				STRING_CATALOG_GENERATE_SYMBOLS = YES;
				SWIFT_ACTIVE_COMPILATION_CONDITIONS = "DEBUG $(inherited)";
				SWIFT_EMIT_LOC_STRINGS = YES;
				SWIFT_OPTIMIZATION_LEVEL = "-Onone";
			};
			name = Debug;
		};
		244EAB252C8DB4990058BBCB /* Release */ = {
			isa = XCBuildConfiguration;
			buildSettings = {
				ALWAYS_SEARCH_USER_PATHS = NO;
				ASSETCATALOG_COMPILER_GENERATE_SWIFT_ASSET_SYMBOL_EXTENSIONS = YES;
				CLANG_ANALYZER_LOCALIZABILITY_NONLOCALIZED = YES;
				CLANG_ANALYZER_NONNULL = YES;
				CLANG_ANALYZER_NUMBER_OBJECT_CONVERSION = YES_AGGRESSIVE;
				CLANG_CXX_LANGUAGE_STANDARD = "gnu++20";
				CLANG_ENABLE_MODULES = YES;
				CLANG_ENABLE_OBJC_ARC = YES;
				CLANG_ENABLE_OBJC_WEAK = YES;
				CLANG_WARN_BLOCK_CAPTURE_AUTORELEASING = YES;
				CLANG_WARN_BOOL_CONVERSION = YES;
				CLANG_WARN_COMMA = YES;
				CLANG_WARN_CONSTANT_CONVERSION = YES;
				CLANG_WARN_DEPRECATED_OBJC_IMPLEMENTATIONS = YES;
				CLANG_WARN_DIRECT_OBJC_ISA_USAGE = YES_ERROR;
				CLANG_WARN_DOCUMENTATION_COMMENTS = YES;
				CLANG_WARN_EMPTY_BODY = YES;
				CLANG_WARN_ENUM_CONVERSION = YES;
				CLANG_WARN_INFINITE_RECURSION = YES;
				CLANG_WARN_INT_CONVERSION = YES;
				CLANG_WARN_NON_LITERAL_NULL_CONVERSION = YES;
				CLANG_WARN_OBJC_IMPLICIT_RETAIN_SELF = YES;
				CLANG_WARN_OBJC_LITERAL_CONVERSION = YES;
				CLANG_WARN_OBJC_ROOT_CLASS = YES_ERROR;
				CLANG_WARN_QUOTED_INCLUDE_IN_FRAMEWORK_HEADER = YES;
				CLANG_WARN_RANGE_LOOP_ANALYSIS = YES;
				CLANG_WARN_STRICT_PROTOTYPES = YES;
				CLANG_WARN_SUSPICIOUS_MOVE = YES;
				CLANG_WARN_UNGUARDED_AVAILABILITY = YES_AGGRESSIVE;
				CLANG_WARN_UNREACHABLE_CODE = YES;
				CLANG_WARN__DUPLICATE_METHOD_MATCH = YES;
				COPY_PHASE_STRIP = NO;
				DEAD_CODE_STRIPPING = YES;
				DEBUG_INFORMATION_FORMAT = "dwarf-with-dsym";
				DEVELOPMENT_TEAM = 8S2RY9PW6P;
				ENABLE_NS_ASSERTIONS = NO;
				ENABLE_STRICT_OBJC_MSGSEND = YES;
				ENABLE_USER_SCRIPT_SANDBOXING = YES;
				GCC_C_LANGUAGE_STANDARD = gnu17;
				GCC_NO_COMMON_BLOCKS = YES;
				GCC_WARN_64_TO_32_BIT_CONVERSION = YES;
				GCC_WARN_ABOUT_RETURN_TYPE = YES_ERROR;
				GCC_WARN_UNDECLARED_SELECTOR = YES;
				GCC_WARN_UNINITIALIZED_AUTOS = YES_AGGRESSIVE;
				GCC_WARN_UNUSED_FUNCTION = YES;
				GCC_WARN_UNUSED_VARIABLE = YES;
				LOCALIZATION_PREFERS_STRING_CATALOGS = YES;
				MACOSX_DEPLOYMENT_TARGET = 14.5;
				MTL_ENABLE_DEBUG_INFO = NO;
				MTL_FAST_MATH = YES;
				SDKROOT = macosx;
				STRING_CATALOG_GENERATE_SYMBOLS = YES;
				SWIFT_COMPILATION_MODE = wholemodule;
				SWIFT_EMIT_LOC_STRINGS = YES;
			};
			name = Release;
		};
		244EAB272C8DB4990058BBCB /* Debug */ = {
			isa = XCBuildConfiguration;
			buildSettings = {
				ASSETCATALOG_COMPILER_APPICON_NAME = AppIcon;
				ASSETCATALOG_COMPILER_GLOBAL_ACCENT_COLOR_NAME = AccentColor;
				CODE_SIGN_ENTITLEMENTS = "Signature Manager/Signature_Manager.entitlements";
				CODE_SIGN_IDENTITY = "Apple Development";
				CODE_SIGN_STYLE = Automatic;
				COMBINE_HIDPI_IMAGES = YES;
				CURRENT_PROJECT_VERSION = 1015;
				DEAD_CODE_STRIPPING = YES;
				DEBUG_INFORMATION_FORMAT = "dwarf-with-dsym";
				ENABLE_APP_SANDBOX = NO;
				ENABLE_HARDENED_RUNTIME = YES;
				GCC_TREAT_IMPLICIT_FUNCTION_DECLARATIONS_AS_ERRORS = YES;
				GCC_TREAT_INCOMPATIBLE_POINTER_TYPE_WARNINGS_AS_ERRORS = YES;
				GCC_TREAT_WARNINGS_AS_ERRORS = NO;
				GENERATE_INFOPLIST_FILE = YES;
				INFOPLIST_FILE = "Signature-Manager-Info.plist";
				INFOPLIST_KEY_CFBundleDisplayName = "Signature Manager";
				INFOPLIST_KEY_LSApplicationCategoryType = "public.app-category.business";
				INFOPLIST_KEY_LSUIElement = YES;
				INFOPLIST_KEY_NSHumanReadableCopyright = "";
				INFOPLIST_KEY_NSMainStoryboardFile = Main;
				INFOPLIST_KEY_NSPrincipalClass = NSApplication;
				LD_RUNPATH_SEARCH_PATHS = (
					"$(inherited)",
					"@executable_path/../Frameworks",
				);
				MACOSX_DEPLOYMENT_TARGET = 26.0;
				MARKETING_VERSION = 4.0.1;
				PRODUCT_BUNDLE_IDENTIFIER = com.mbuettner.SignatureManager;
				PRODUCT_NAME = "$(TARGET_NAME)";
				PROVISIONING_PROFILE_SPECIFIER = "";
				SWIFT_EMIT_LOC_STRINGS = YES;
				SWIFT_TREAT_WARNINGS_AS_ERRORS = NO;
				SWIFT_VERSION = 5.0;
				TREAT_MISSING_BASELINES_AS_TEST_FAILURES = YES;
				TREAT_MISSING_SCRIPT_PHASE_OUTPUTS_AS_ERRORS = YES;
			};
			name = Debug;
		};
		244EAB282C8DB4990058BBCB /* Release */ = {
			isa = XCBuildConfiguration;
			buildSettings = {
				ASSETCATALOG_COMPILER_APPICON_NAME = AppIcon;
				ASSETCATALOG_COMPILER_GLOBAL_ACCENT_COLOR_NAME = AccentColor;
				CODE_SIGN_ENTITLEMENTS = "Signature Manager/Signature_Manager.entitlements";
				CODE_SIGN_IDENTITY = "Apple Development";
				CODE_SIGN_STYLE = Automatic;
				COMBINE_HIDPI_IMAGES = YES;
				CURRENT_PROJECT_VERSION = 1015;
				DEAD_CODE_STRIPPING = YES;
				ENABLE_APP_SANDBOX = NO;
				ENABLE_HARDENED_RUNTIME = YES;
				GCC_TREAT_IMPLICIT_FUNCTION_DECLARATIONS_AS_ERRORS = YES;
				GCC_TREAT_INCOMPATIBLE_POINTER_TYPE_WARNINGS_AS_ERRORS = YES;
				GCC_TREAT_WARNINGS_AS_ERRORS = NO;
				GENERATE_INFOPLIST_FILE = YES;
				INFOPLIST_FILE = "Signature-Manager-Info.plist";
				INFOPLIST_KEY_CFBundleDisplayName = "Signature Manager";
				INFOPLIST_KEY_LSApplicationCategoryType = "public.app-category.business";
				INFOPLIST_KEY_LSUIElement = YES;
				INFOPLIST_KEY_NSHumanReadableCopyright = "";
				INFOPLIST_KEY_NSMainStoryboardFile = Main;
				INFOPLIST_KEY_NSPrincipalClass = NSApplication;
				LD_RUNPATH_SEARCH_PATHS = (
					"$(inherited)",
					"@executable_path/../Frameworks",
				);
				MACOSX_DEPLOYMENT_TARGET = 26.0;
				MARKETING_VERSION = 4.0.1;
				PRODUCT_BUNDLE_IDENTIFIER = com.mbuettner.SignatureManager;
				PRODUCT_NAME = "$(TARGET_NAME)";
				PROVISIONING_PROFILE_SPECIFIER = "";
				SWIFT_EMIT_LOC_STRINGS = YES;
				SWIFT_TREAT_WARNINGS_AS_ERRORS = NO;
				SWIFT_VERSION = 5.0;
				TREAT_MISSING_BASELINES_AS_TEST_FAILURES = YES;
				TREAT_MISSING_SCRIPT_PHASE_OUTPUTS_AS_ERRORS = YES;
			};
			name = Release;
		};
/* End XCBuildConfiguration section */

/* Begin XCConfigurationList section */
		244EAB122C8DB4950058BBCB /* Build configuration list for PBXProject "Signature Manager" */ = {
			isa = XCConfigurationList;
			buildConfigurations = (
				244EAB242C8DB4990058BBCB /* Debug */,
				244EAB252C8DB4990058BBCB /* Release */,
			);
			defaultConfigurationIsVisible = 0;
			defaultConfigurationName = Release;
		};
		244EAB262C8DB4990058BBCB /* Build configuration list for PBXNativeTarget "Signature Manager" */ = {
			isa = XCConfigurationList;
			buildConfigurations = (
				244EAB272C8DB4990058BBCB /* Debug */,
				244EAB282C8DB4990058BBCB /* Release */,
			);
			defaultConfigurationIsVisible = 0;
			defaultConfigurationName = Release;
		};
/* End XCConfigurationList section */

/* Begin XCRemoteSwiftPackageReference section */
		244EAB362C8DDDED0058BBCB /* XCRemoteSwiftPackageReference "Sparkle" */ = {
			isa = XCRemoteSwiftPackageReference;
			repositoryURL = "https://github.com/sparkle-project/Sparkle";
			requirement = {
				kind = upToNextMajorVersion;
				minimumVersion = 2.8.1;
			};
		};
/* End XCRemoteSwiftPackageReference section */

/* Begin XCSwiftPackageProductDependency section */
		244EAB372C8DDDED0058BBCB /* Sparkle */ = {
			isa = XCSwiftPackageProductDependency;
			package = 244EAB362C8DDDED0058BBCB /* XCRemoteSwiftPackageReference "Sparkle" */;
			productName = Sparkle;
		};
/* End XCSwiftPackageProductDependency section */
	};
	rootObject = 244EAB0F2C8DB4950058BBCB /* Project object */;
}
